// !$*UTF8*$!
{
	archiveVersion = 1;
	classes = {
	};
	objectVersion = 48;
	objects = {

/* Begin PBXBuildFile section */
		B487FA201FA3386F00FE51EE /* AppDelegate.m in Sources */ = {isa = PBXBuildFile; fileRef = B487FA1F1FA3386F00FE51EE /* AppDelegate.m */; };
		B487FA231FA3386F00FE51EE /* ViewController.m in Sources */ = {isa = PBXBuildFile; fileRef = B487FA221FA3386F00FE51EE /* ViewController.m */; };
		B487FA261FA3386F00FE51EE /* Main.storyboard in Resources */ = {isa = PBXBuildFile; fileRef = B487FA241FA3386F00FE51EE /* Main.storyboard */; };
		B487FA281FA3386F00FE51EE /* Assets.xcassets in Resources */ = {isa = PBXBuildFile; fileRef = B487FA271FA3386F00FE51EE /* Assets.xcassets */; };
		B487FA2B1FA3386F00FE51EE /* LaunchScreen.storyboard in Resources */ = {isa = PBXBuildFile; fileRef = B487FA291FA3386F00FE51EE /* LaunchScreen.storyboard */; };
		B487FA2E1FA3386F00FE51EE /* main.m in Sources */ = {isa = PBXBuildFile; fileRef = B487FA2D1FA3386F00FE51EE /* main.m */; };
		B487FA351FA33B5E00FE51EE /* images in Resources */ = {isa = PBXBuildFile; fileRef = B487FA341FA33B5E00FE51EE /* images */; };
/* End PBXBuildFile section */

/* Begin PBXFileReference section */
		B487FA1B1FA3386F00FE51EE /* ScrollViewSample.app */ = {isa = PBXFileReference; explicitFileType = wrapper.application; includeInIndex = 0; path = ScrollViewSample.app; sourceTree = BUILT_PRODUCTS_DIR; };
		B487FA1E1FA3386F00FE51EE /* AppDelegate.h */ = {isa = PBXFileReference; lastKnownFileType = sourcecode.c.h; path = AppDelegate.h; sourceTree = "<group>"; };
		B487FA1F1FA3386F00FE51EE /* AppDelegate.m */ = {isa = PBXFileReference; lastKnownFileType = sourcecode.c.objc; path = AppDelegate.m; sourceTree = "<group>"; };
		B487FA211FA3386F00FE51EE /* ViewController.h */ = {isa = PBXFileReference; lastKnownFileType = sourcecode.c.h; path = ViewController.h; sourceTree = "<group>"; };
		B487FA221FA3386F00FE51EE /* ViewController.m */ = {isa = PBXFileReference; lastKnownFileType = sourcecode.c.objc; path = ViewController.m; sourceTree = "<group>"; };
		B487FA251FA3386F00FE51EE /* Base */ = {isa = PBXFileReference; lastKnownFileType = file.storyboard; name = Base; path = Base.lproj/Main.storyboard; sourceTree = "<group>"; };
		B487FA271FA3386F00FE51EE /* Assets.xcassets */ = {isa = PBXFileReference; lastKnownFileType = folder.assetcatalog; path = Assets.xcassets; sourceTree = "<group>"; };
		B487FA2A1FA3386F00FE51EE /* Base */ = {isa = PBXFileReference; lastKnownFileType = file.storyboard; name = Base; path = Base.lproj/LaunchScreen.storyboard; sourceTree = "<group>"; };
		B487FA2C1FA3386F00FE51EE /* Info.plist */ = {isa = PBXFileReference; lastKnownFileType = text.plist.xml; path = Info.plist; sourceTree = "<group>"; };
		B487FA2D1FA3386F00FE51EE /* main.m */ = {isa = PBXFileReference; lastKnownFileType = sourcecode.c.objc; path = main.m; sourceTree = "<group>"; };
		B487FA341FA33B5E00FE51EE /* images */ = {isa = PBXFileReference; lastKnownFileType = folder; path = images; sourceTree = "<group>"; };
/* End PBXFileReference section */

/* Begin PBXFrameworksBuildPhase section */
		B487FA181FA3386F00FE51EE /* Frameworks */ = {
			isa = PBXFrameworksBuildPhase;
			buildActionMask = 2147483647;
			files = (
			);
			runOnlyForDeploymentPostprocessing = 0;
		};
/* End PBXFrameworksBuildPhase section */

/* Begin PBXGroup section */
		B487FA121FA3386F00FE51EE = {
			isa = PBXGroup;
			children = (
				B487FA1D1FA3386F00FE51EE /* ScrollViewSample */,
				B487FA1C1FA3386F00FE51EE /* Products */,
			);
			sourceTree = "<group>";
		};
		B487FA1C1FA3386F00FE51EE /* Products */ = {
			isa = PBXGroup;
			children = (
				B487FA1B1FA3386F00FE51EE /* ScrollViewSample.app */,
			);
			name = Products;
			sourceTree = "<group>";
		};
		B487FA1D1FA3386F00FE51EE /* ScrollViewSample */ = {
			isa = PBXGroup;
			children = (
				B487FA1E1FA3386F00FE51EE /* AppDelegate.h */,
				B487FA341FA33B5E00FE51EE /* images */,
				B487FA1F1FA3386F00FE51EE /* AppDelegate.m */,
				B487FA211FA3386F00FE51EE /* ViewController.h */,
				B487FA221FA3386F00FE51EE /* ViewController.m */,
				B487FA241FA3386F00FE51EE /* Main.storyboard */,
				B487FA271FA3386F00FE51EE /* Assets.xcassets */,
				B487FA291FA3386F00FE51EE /* LaunchScreen.storyboard */,
				B487FA2C1FA3386F00FE51EE /* Info.plist */,
				B487FA2D1FA3386F00FE51EE /* main.m */,
			);
			path = ScrollViewSample;
			sourceTree = "<group>";
		};
/* End PBXGroup section */

/* Begin PBXNativeTarget section */
		B487FA1A1FA3386F00FE51EE /* ScrollViewSample */ = {
			isa = PBXNativeTarget;
			buildConfigurationList = B487FA311FA3386F00FE51EE /* Build configuration list for PBXNativeTarget "ScrollViewSample" */;
			buildPhases = (
				B487FA171FA3386F00FE51EE /* Sources */,
				B487FA181FA3386F00FE51EE /* Frameworks */,
				B487FA191FA3386F00FE51EE /* Resources */,
			);
			buildRules = (
			);
			dependencies = (
			);
			name = ScrollViewSample;
			productName = ScrollViewSample;
			productReference = B487FA1B1FA3386F00FE51EE /* ScrollViewSample.app */;
			productType = "com.apple.product-type.application";
		};
/* End PBXNativeTarget section */

/* Begin PBXProject section */
		B487FA131FA3386F00FE51EE /* Project object */ = {
			isa = PBXProject;
			attributes = {
				LastUpgradeCheck = 0900;
				ORGANIZATIONNAME = wwy;
				TargetAttributes = {
					B487FA1A1FA3386F00FE51EE = {
						CreatedOnToolsVersion = 9.0.1;
						ProvisioningStyle = Automatic;
					};
				};
			};
			buildConfigurationList = B487FA161FA3386F00FE51EE /* Build configuration list for PBXProject "ScrollViewSample" */;
			compatibilityVersion = "Xcode 8.0";
			developmentRegion = en;
			hasScannedForEncodings = 0;
			knownRegions = (
				en,
				Base,
			);
			mainGroup = B487FA121FA3386F00FE51EE;
			productRefGroup = B487FA1C1FA3386F00FE51EE /* Products */;
			projectDirPath = "";
			projectRoot = "";
			targets = (
				B487FA1A1FA3386F00FE51EE /* ScrollViewSample */,
			);
		};
/* End PBXProject section */

/* Begin PBXResourcesBuildPhase section */
		B487FA191FA3386F00FE51EE /* Resources */ = {
			isa = PBXResourcesBuildPhase;
			buildActionMask = 2147483647;
			files = (
				B487FA351FA33B5E00FE51EE /* images in Resources */,
				B487FA2B1FA3386F00FE51EE /* LaunchScreen.storyboard in Resources */,
				B487FA281FA3386F00FE51EE /* Assets.xcassets in Resources */,
				B487FA261FA3386F00FE51EE /* Main.storyboard in Resources */,
			);
			runOnlyForDeploymentPostprocessing = 0;
		};
/* End PBXResourcesBuildPhase section */

/* Begin PBXSourcesBuildPhase section */
		B487FA171FA3386F00FE51EE /* Sources */ = {
			isa = PBXSourcesBuildPhase;
			buildActionMask = 2147483647;
			files = (
				B487FA231FA3386F00FE51EE /* ViewController.m in Sources */,
				B487FA2E1FA3386F00FE51EE /* main.m in Sources */,
				B487FA201FA3386F00FE51EE /* AppDelegate.m in Sources */,
			);
			runOnlyForDeploymentPostprocessing = 0;
		};
/* End PBXSourcesBuildPhase section */

/* Begin PBXVariantGroup section */
		B487FA241FA3386F00FE51EE /* Main.storyboard */ = {
			isa = PBXVariantGroup;
			children = (
				B487FA251FA3386F00FE51EE /* Base */,
			);
			name = Main.storyboard;
			sourceTree = "<group>";
		};
		B487FA291FA3386F00FE51EE /* LaunchScreen.storyboard */ = {
			isa = PBXVariantGroup;
			children = (
				B487FA2A1FA3386F00FE51EE /* Base */,
			);
			name = LaunchScreen.storyboard;
			sourceTree = "<group>";
		};
/* End PBXVariantGroup section */

/* Begin XCBuildConfiguration section */
		B487FA2F1FA3386F00FE51EE /* Debug */ = {
			isa = XCBuildConfiguration;
			buildSettings = {
				ALWAYS_SEARCH_USER_PATHS = NO;
				CLANG_ANALYZER_NONNULL = YES;
				CLANG_ANALYZER_NUMBER_OBJECT_CONVERSION = YES_AGGRESSIVE;
				CLANG_CXX_LANGUAGE_STANDARD = "gnu++14";
				CLANG_CXX_LIBRARY = "libc++";
				CLANG_ENABLE_MODULES = YES;
				CLANG_ENABLE_OBJC_ARC = YES;
				CLANG_WARN_BLOCK_CAPTURE_AUTORELEASING = YES;
				CLANG_WARN_BOOL_CONVERSION = YES;
				CLANG_WARN_COMMA = YES;
				CLANG_WARN_CONSTANT_CONVERSION = YES;
				CLANG_WARN_DIRECT_OBJC_ISA_USAGE = YES_ERROR;
				CLANG_WARN_DOCUMENTATION_COMMENTS = YES;
				CLANG_WARN_EMPTY_BODY = YES;
				CLANG_WARN_ENUM_CONVERSION = YES;
				CLANG_WARN_INFINITE_RECURSION = YES;
				CLANG_WARN_INT_CONVERSION = YES;
				CLANG_WARN_NON_LITERAL_NULL_CONVERSION = YES;
				CLANG_WARN_OBJC_LITERAL_CONVERSION = YES;
				CLANG_WARN_OBJC_ROOT_CLASS = YES_ERROR;
				CLANG_WARN_RANGE_LOOP_ANALYSIS = YES;
				CLANG_WARN_STRICT_PROTOTYPES = YES;
				CLANG_WARN_SUSPICIOUS_MOVE = YES;
				CLANG_WARN_UNGUARDED_AVAILABILITY = YES_AGGRESSIVE;
				CLANG_WARN_UNREACHABLE_CODE = YES;
				CLANG_WARN__DUPLICATE_METHOD_MATCH = YES;
				CODE_SIGN_IDENTITY = "iPhone Developer";
				COPY_PHASE_STRIP = NO;
				DEBUG_INFORMATION_FORMAT = dwarf;
				ENABLE_STRICT_OBJC_MSGSEND = YES;
				ENABLE_TESTABILITY = YES;
				GCC_C_LANGUAGE_STANDARD = gnu11;
				GCC_DYNAMIC_NO_PIC = NO;
				GCC_NO_COMMON_BLOCKS = YES;
				GCC_OPTIMIZATION_LEVEL = 0;
				GCC_PREPROCESSOR_DEFINITIONS = (
					"DEBUG=1",
					"$(inherited)",
				);
				GCC_WARN_64_TO_32_BIT_CONVERSION = YES;
				GCC_WARN_ABOUT_RETURN_TYPE = YES_ERROR;
				GCC_WARN_UNDECLARED_SELECTOR = YES;
				GCC_WARN_UNINITIALIZED_AUTOS = YES_AGGRESSIVE;
				GCC_WARN_UNUSED_FUNCTION = YES;
				GCC_WARN_UNUSED_VARIABLE = YES;
				IPHONEOS_DEPLOYMENT_TARGET = 11.0;
				MTL_ENABLE_DEBUG_INFO = YES;
				ONLY_ACTIVE_ARCH = YES;
				SDKROOT = iphoneos;
			};
			name = Debug;
		};
		B487FA301FA3386F00FE51EE /* Release */ = {
			isa = XCBuildConfiguration;
			buildSettings = {
				ALWAYS_SEARCH_USER_PATHS = NO;
				CLANG_ANALYZER_NONNULL = YES;
				CLANG_ANALYZER_NUMBER_OBJECT_CONVERSION = YES_AGGRESSIVE;
				CLANG_CXX_LANGUAGE_STANDARD = "gnu++14";
				CLANG_CXX_LIBRARY = "libc++";
				CLANG_ENABLE_MODULES = YES;
				CLANG_ENABLE_OBJC_ARC = YES;
				CLANG_WARN_BLOCK_CAPTURE_AUTORELEASING = YES;
				CLANG_WARN_BOOL_CONVERSION = YES;
				CLANG_WARN_COMMA = YES;
				CLANG_WARN_CONSTANT_CONVERSION = YES;
				CLANG_WARN_DIRECT_OBJC_ISA_USAGE = YES_ERROR;
				CLANG_WARN_DOCUMENTATION_COMMENTS = YES;
				CLANG_WARN_EMPTY_BODY = YES;
				CLANG_WARN_ENUM_CONVERSION = YES;
				CLANG_WARN_INFINITE_RECURSION = YES;
				CLANG_WARN_INT_CONVERSION = YES;
				CLANG_WARN_NON_LITERAL_NULL_CONVERSION = YES;
				CLANG_WARN_OBJC_LITERAL_CONVERSION = YES;
				CLANG_WARN_OBJC_ROOT_CLASS = YES_ERROR;
				CLANG_WARN_RANGE_LOOP_ANALYSIS = YES;
				CLANG_WARN_STRICT_PROTOTYPES = YES;
				CLANG_WARN_SUSPICIOUS_MOVE = YES;
				CLANG_WARN_UNGUARDED_AVAILABILITY = YES_AGGRESSIVE;
				CLANG_WARN_UNREACHABLE_CODE = YES;
				CLANG_WARN__DUPLICATE_METHOD_MATCH = YES;
				CODE_SIGN_IDENTITY = "iPhone Developer";
				COPY_PHASE_STRIP = NO;
				DEBUG_INFORMATION_FORMAT = "dwarf-with-dsym";
				ENABLE_NS_ASSERTIONS = NO;
				ENABLE_STRICT_OBJC_MSGSEND = YES;
				GCC_C_LANGUAGE_STANDARD = gnu11;
				GCC_NO_COMMON_BLOCKS = YES;
				GCC_WARN_64_TO_32_BIT_CONVERSION = YES;
				GCC_WARN_ABOUT_RETURN_TYPE = YES_ERROR;
				GCC_WARN_UNDECLARED_SELECTOR = YES;
				GCC_WARN_UNINITIALIZED_AUTOS = YES_AGGRESSIVE;
				GCC_WARN_UNUSED_FUNCTION = YES;
				GCC_WARN_UNUSED_VARIABLE = YES;
				IPHONEOS_DEPLOYMENT_TARGET = 11.0;
				MTL_ENABLE_DEBUG_INFO = NO;
				SDKROOT = iphoneos;
				VALIDATE_PRODUCT = YES;
			};
			name = Release;
		};
		B487FA321FA3386F00FE51EE /* Debug */ = {
			isa = XCBuildConfiguration;
			buildSettings = {
				ASSETCATALOG_COMPILER_APPICON_NAME = AppIcon;
				CODE_SIGN_STYLE = Automatic;
				INFOPLIST_FILE = ScrollViewSample/Info.plist;
				LD_RUNPATH_SEARCH_PATHS = "$(inherited) @executable_path/Frameworks";
				PRODUCT_BUNDLE_IDENTIFIER = wwy.com.ScrollViewSample;
				PRODUCT_NAME = "$(TARGET_NAME)";
				TARGETED_DEVICE_FAMILY = "1,2";
			};
			name = Debug;
		};
		B487FA331FA3386F00FE51EE /* Release */ = {
			isa = XCBuildConfiguration;
			buildSettings = {
				ASSETCATALOG_COMPILER_APPICON_NAME = AppIcon;
				CODE_SIGN_STYLE = Automatic;
				INFOPLIST_FILE = ScrollViewSample/Info.plist;
				LD_RUNPATH_SEARCH_PATHS = "$(inherited) @executable_path/Frameworks";
				PRODUCT_BUNDLE_IDENTIFIER = wwy.com.ScrollViewSample;
				PRODUCT_NAME = "$(TARGET_NAME)";
				TARGETED_DEVICE_FAMILY = "1,2";
			};
			name = Release;
		};
/* End XCBuildConfiguration section */

/* Begin XCConfigurationList section */
		B487FA161FA3386F00FE51EE /* Build configuration list for PBXProject "ScrollViewSample" */ = {
			isa = XCConfigurationList;
			buildConfigurations = (
				B487FA2F1FA3386F00FE51EE /* Debug */,
				B487FA301FA3386F00FE51EE /* Release */,
			);
			defaultConfigurationIsVisible = 0;
			defaultConfigurationName = Release;
		};
		B487FA311FA3386F00FE51EE /* Build configuration list for PBXNativeTarget "ScrollViewSample" */ = {
			isa = XCConfigurationList;
			buildConfigurations = (
				B487FA321FA3386F00FE51EE /* Debug */,
				B487FA331FA3386F00FE51EE /* Release */,
			);
			defaultConfigurationIsVisible = 0;
			defaultConfigurationName = Release;
		};
/* End XCConfigurationList section */
	};
	rootObject = B487FA131FA3386F00FE51EE /* Project object */;
}
