// !$*UTF8*$!
{
	archiveVersion = 1;
	classes = {
	};
	objectVersion = 48;
	objects = {

/* Begin PBXBuildFile section */
		B409041B1FA17CF4008CB3FC /* AppDelegate.m in Sources */ = {isa = PBXBuildFile; fileRef = B409041A1FA17CF4008CB3FC /* AppDelegate.m */; };
		B409041E1FA17CF4008CB3FC /* ViewController.m in Sources */ = {isa = PBXBuildFile; fileRef = B409041D1FA17CF4008CB3FC /* ViewController.m */; };
		B40904211FA17CF4008CB3FC /* Main.storyboard in Resources */ = {isa = PBXBuildFile; fileRef = B409041F1FA17CF4008CB3FC /* Main.storyboard */; };
		B40904231FA17CF4008CB3FC /* Assets.xcassets in Resources */ = {isa = PBXBuildFile; fileRef = B40904221FA17CF4008CB3FC /* Assets.xcassets */; };
		B40904261FA17CF4008CB3FC /* LaunchScreen.storyboard in Resources */ = {isa = PBXBuildFile; fileRef = B40904241FA17CF4008CB3FC /* LaunchScreen.storyboard */; };
		B40904291FA17CF4008CB3FC /* main.m in Sources */ = {isa = PBXBuildFile; fileRef = B40904281FA17CF4008CB3FC /* main.m */; };
		B40904301FA17E9E008CB3FC /* team.plist in Resources */ = {isa = PBXBuildFile; fileRef = B409042F1FA17E9E008CB3FC /* team.plist */; };
		B40904331FA17FA1008CB3FC /* oneTableViewController.m in Sources */ = {isa = PBXBuildFile; fileRef = B40904321FA17FA1008CB3FC /* oneTableViewController.m */; };
		B40904361FA181EA008CB3FC /* oneTableViewCell.m in Sources */ = {isa = PBXBuildFile; fileRef = B40904351FA181EA008CB3FC /* oneTableViewCell.m */; };
/* End PBXBuildFile section */

/* Begin PBXFileReference section */
		B40904161FA17CF4008CB3FC /* table1026.app */ = {isa = PBXFileReference; explicitFileType = wrapper.application; includeInIndex = 0; path = table1026.app; sourceTree = BUILT_PRODUCTS_DIR; };
		B40904191FA17CF4008CB3FC /* AppDelegate.h */ = {isa = PBXFileReference; lastKnownFileType = sourcecode.c.h; path = AppDelegate.h; sourceTree = "<group>"; };
		B409041A1FA17CF4008CB3FC /* AppDelegate.m */ = {isa = PBXFileReference; lastKnownFileType = sourcecode.c.objc; path = AppDelegate.m; sourceTree = "<group>"; };
		B409041C1FA17CF4008CB3FC /* ViewController.h */ = {isa = PBXFileReference; lastKnownFileType = sourcecode.c.h; path = ViewController.h; sourceTree = "<group>"; };
		B409041D1FA17CF4008CB3FC /* ViewController.m */ = {isa = PBXFileReference; lastKnownFileType = sourcecode.c.objc; path = ViewController.m; sourceTree = "<group>"; };
		B40904201FA17CF4008CB3FC /* Base */ = {isa = PBXFileReference; lastKnownFileType = file.storyboard; name = Base; path = Base.lproj/Main.storyboard; sourceTree = "<group>"; };
		B40904221FA17CF4008CB3FC /* Assets.xcassets */ = {isa = PBXFileReference; lastKnownFileType = folder.assetcatalog; path = Assets.xcassets; sourceTree = "<group>"; };
		B40904251FA17CF4008CB3FC /* Base */ = {isa = PBXFileReference; lastKnownFileType = file.storyboard; name = Base; path = Base.lproj/LaunchScreen.storyboard; sourceTree = "<group>"; };
		B40904271FA17CF4008CB3FC /* Info.plist */ = {isa = PBXFileReference; lastKnownFileType = text.plist.xml; path = Info.plist; sourceTree = "<group>"; };
		B40904281FA17CF4008CB3FC /* main.m */ = {isa = PBXFileReference; lastKnownFileType = sourcecode.c.objc; path = main.m; sourceTree = "<group>"; };
		B409042F1FA17E9E008CB3FC /* team.plist */ = {isa = PBXFileReference; fileEncoding = 4; lastKnownFileType = text.plist.xml; path = team.plist; sourceTree = "<group>"; };
		B40904311FA17FA1008CB3FC /* oneTableViewController.h */ = {isa = PBXFileReference; lastKnownFileType = sourcecode.c.h; path = oneTableViewController.h; sourceTree = "<group>"; };
		B40904321FA17FA1008CB3FC /* oneTableViewController.m */ = {isa = PBXFileReference; lastKnownFileType = sourcecode.c.objc; path = oneTableViewController.m; sourceTree = "<group>"; };
		B40904341FA181EA008CB3FC /* oneTableViewCell.h */ = {isa = PBXFileReference; lastKnownFileType = sourcecode.c.h; path = oneTableViewCell.h; sourceTree = "<group>"; };
		B40904351FA181EA008CB3FC /* oneTableViewCell.m */ = {isa = PBXFileReference; lastKnownFileType = sourcecode.c.objc; path = oneTableViewCell.m; sourceTree = "<group>"; };
/* End PBXFileReference section */

/* Begin PBXFrameworksBuildPhase section */
		B40904131FA17CF4008CB3FC /* Frameworks */ = {
			isa = PBXFrameworksBuildPhase;
			buildActionMask = 2147483647;
			files = (
			);
			runOnlyForDeploymentPostprocessing = 0;
		};
/* End PBXFrameworksBuildPhase section */

/* Begin PBXGroup section */
		B409040D1FA17CF4008CB3FC = {
			isa = PBXGroup;
			children = (
				B40904181FA17CF4008CB3FC /* table1026 */,
				B40904171FA17CF4008CB3FC /* Products */,
			);
			sourceTree = "<group>";
		};
		B40904171FA17CF4008CB3FC /* Products */ = {
			isa = PBXGroup;
			children = (
				B40904161FA17CF4008CB3FC /* table1026.app */,
			);
			name = Products;
			sourceTree = "<group>";
		};
		B40904181FA17CF4008CB3FC /* table1026 */ = {
			isa = PBXGroup;
			children = (
				B40904191FA17CF4008CB3FC /* AppDelegate.h */,
				B409041A1FA17CF4008CB3FC /* AppDelegate.m */,
				B409041C1FA17CF4008CB3FC /* ViewController.h */,
				B40904311FA17FA1008CB3FC /* oneTableViewController.h */,
				B40904321FA17FA1008CB3FC /* oneTableViewController.m */,
				B40904341FA181EA008CB3FC /* oneTableViewCell.h */,
				B40904351FA181EA008CB3FC /* oneTableViewCell.m */,
				B409041D1FA17CF4008CB3FC /* ViewController.m */,
				B409041F1FA17CF4008CB3FC /* Main.storyboard */,
				B40904221FA17CF4008CB3FC /* Assets.xcassets */,
				B40904241FA17CF4008CB3FC /* LaunchScreen.storyboard */,
				B409042F1FA17E9E008CB3FC /* team.plist */,
				B40904271FA17CF4008CB3FC /* Info.plist */,
				B40904281FA17CF4008CB3FC /* main.m */,
			);
			path = table1026;
			sourceTree = "<group>";
		};
/* End PBXGroup section */

/* Begin PBXNativeTarget section */
		B40904151FA17CF4008CB3FC /* table1026 */ = {
			isa = PBXNativeTarget;
			buildConfigurationList = B409042C1FA17CF4008CB3FC /* Build configuration list for PBXNativeTarget "table1026" */;
			buildPhases = (
				B40904121FA17CF4008CB3FC /* Sources */,
				B40904131FA17CF4008CB3FC /* Frameworks */,
				B40904141FA17CF4008CB3FC /* Resources */,
			);
			buildRules = (
			);
			dependencies = (
			);
			name = table1026;
			productName = table1026;
			productReference = B40904161FA17CF4008CB3FC /* table1026.app */;
			productType = "com.apple.product-type.application";
		};
/* End PBXNativeTarget section */

/* Begin PBXProject section */
		B409040E1FA17CF4008CB3FC /* Project object */ = {
			isa = PBXProject;
			attributes = {
				LastUpgradeCheck = 0900;
				ORGANIZATIONNAME = wwy;
				TargetAttributes = {
					B40904151FA17CF4008CB3FC = {
						CreatedOnToolsVersion = 9.0.1;
						ProvisioningStyle = Automatic;
					};
				};
			};
			buildConfigurationList = B40904111FA17CF4008CB3FC /* Build configuration list for PBXProject "table1026" */;
			compatibilityVersion = "Xcode 8.0";
			developmentRegion = en;
			hasScannedForEncodings = 0;
			knownRegions = (
				en,
				Base,
			);
			mainGroup = B409040D1FA17CF4008CB3FC;
			productRefGroup = B40904171FA17CF4008CB3FC /* Products */;
			projectDirPath = "";
			projectRoot = "";
			targets = (
				B40904151FA17CF4008CB3FC /* table1026 */,
			);
		};
/* End PBXProject section */

/* Begin PBXResourcesBuildPhase section */
		B40904141FA17CF4008CB3FC /* Resources */ = {
			isa = PBXResourcesBuildPhase;
			buildActionMask = 2147483647;
			files = (
				B40904261FA17CF4008CB3FC /* LaunchScreen.storyboard in Resources */,
				B40904231FA17CF4008CB3FC /* Assets.xcassets in Resources */,
				B40904211FA17CF4008CB3FC /* Main.storyboard in Resources */,
				B40904301FA17E9E008CB3FC /* team.plist in Resources */,
			);
			runOnlyForDeploymentPostprocessing = 0;
		};
/* End PBXResourcesBuildPhase section */

/* Begin PBXSourcesBuildPhase section */
		B40904121FA17CF4008CB3FC /* Sources */ = {
			isa = PBXSourcesBuildPhase;
			buildActionMask = 2147483647;
			files = (
				B40904331FA17FA1008CB3FC /* oneTableViewController.m in Sources */,
				B409041E1FA17CF4008CB3FC /* ViewController.m in Sources */,
				B40904291FA17CF4008CB3FC /* main.m in Sources */,
				B40904361FA181EA008CB3FC /* oneTableViewCell.m in Sources */,
				B409041B1FA17CF4008CB3FC /* AppDelegate.m in Sources */,
			);
			runOnlyForDeploymentPostprocessing = 0;
		};
/* End PBXSourcesBuildPhase section */

/* Begin PBXVariantGroup section */
		B409041F1FA17CF4008CB3FC /* Main.storyboard */ = {
			isa = PBXVariantGroup;
			children = (
				B40904201FA17CF4008CB3FC /* Base */,
			);
			name = Main.storyboard;
			sourceTree = "<group>";
		};
		B40904241FA17CF4008CB3FC /* LaunchScreen.storyboard */ = {
			isa = PBXVariantGroup;
			children = (
				B40904251FA17CF4008CB3FC /* Base */,
			);
			name = LaunchScreen.storyboard;
			sourceTree = "<group>";
		};
/* End PBXVariantGroup section */

/* Begin XCBuildConfiguration section */
		B409042A1FA17CF4008CB3FC /* Debug */ = {
			isa = XCBuildConfiguration;
			buildSettings = {
				ALWAYS_SEARCH_USER_PATHS = NO;
				CLANG_ANALYZER_NONNULL = YES;
				CLANG_ANALYZER_NUMBER_OBJECT_CONVERSION = YES_AGGRESSIVE;
				CLANG_CXX_LANGUAGE_STANDARD = "gnu++14";
				CLANG_CXX_LIBRARY = "libc++";
				CLANG_ENABLE_MODULES = YES;
				CLANG_ENABLE_OBJC_ARC = YES;
				CLANG_WARN_BLOCK_CAPTURE_AUTORELEASING = YES;
				CLANG_WARN_BOOL_CONVERSION = YES;
				CLANG_WARN_COMMA = YES;
				CLANG_WARN_CONSTANT_CONVERSION = YES;
				CLANG_WARN_DIRECT_OBJC_ISA_USAGE = YES_ERROR;
				CLANG_WARN_DOCUMENTATION_COMMENTS = YES;
				CLANG_WARN_EMPTY_BODY = YES;
				CLANG_WARN_ENUM_CONVERSION = YES;
				CLANG_WARN_INFINITE_RECURSION = YES;
				CLANG_WARN_INT_CONVERSION = YES;
				CLANG_WARN_NON_LITERAL_NULL_CONVERSION = YES;
				CLANG_WARN_OBJC_LITERAL_CONVERSION = YES;
				CLANG_WARN_OBJC_ROOT_CLASS = YES_ERROR;
				CLANG_WARN_RANGE_LOOP_ANALYSIS = YES;
				CLANG_WARN_STRICT_PROTOTYPES = YES;
				CLANG_WARN_SUSPICIOUS_MOVE = YES;
				CLANG_WARN_UNGUARDED_AVAILABILITY = YES_AGGRESSIVE;
				CLANG_WARN_UNREACHABLE_CODE = YES;
				CLANG_WARN__DUPLICATE_METHOD_MATCH = YES;
				CODE_SIGN_IDENTITY = "iPhone Developer";
				COPY_PHASE_STRIP = NO;
				DEBUG_INFORMATION_FORMAT = dwarf;
				ENABLE_STRICT_OBJC_MSGSEND = YES;
				ENABLE_TESTABILITY = YES;
				GCC_C_LANGUAGE_STANDARD = gnu11;
				GCC_DYNAMIC_NO_PIC = NO;
				GCC_NO_COMMON_BLOCKS = YES;
				GCC_OPTIMIZATION_LEVEL = 0;
				GCC_PREPROCESSOR_DEFINITIONS = (
					"DEBUG=1",
					"$(inherited)",
				);
				GCC_WARN_64_TO_32_BIT_CONVERSION = YES;
				GCC_WARN_ABOUT_RETURN_TYPE = YES_ERROR;
				GCC_WARN_UNDECLARED_SELECTOR = YES;
				GCC_WARN_UNINITIALIZED_AUTOS = YES_AGGRESSIVE;
				GCC_WARN_UNUSED_FUNCTION = YES;
				GCC_WARN_UNUSED_VARIABLE = YES;
				IPHONEOS_DEPLOYMENT_TARGET = 11.0;
				MTL_ENABLE_DEBUG_INFO = YES;
				ONLY_ACTIVE_ARCH = YES;
				SDKROOT = iphoneos;
			};
			name = Debug;
		};
		B409042B1FA17CF4008CB3FC /* Release */ = {
			isa = XCBuildConfiguration;
			buildSettings = {
				ALWAYS_SEARCH_USER_PATHS = NO;
				CLANG_ANALYZER_NONNULL = YES;
				CLANG_ANALYZER_NUMBER_OBJECT_CONVERSION = YES_AGGRESSIVE;
				CLANG_CXX_LANGUAGE_STANDARD = "gnu++14";
				CLANG_CXX_LIBRARY = "libc++";
				CLANG_ENABLE_MODULES = YES;
				CLANG_ENABLE_OBJC_ARC = YES;
				CLANG_WARN_BLOCK_CAPTURE_AUTORELEASING = YES;
				CLANG_WARN_BOOL_CONVERSION = YES;
				CLANG_WARN_COMMA = YES;
				CLANG_WARN_CONSTANT_CONVERSION = YES;
				CLANG_WARN_DIRECT_OBJC_ISA_USAGE = YES_ERROR;
				CLANG_WARN_DOCUMENTATION_COMMENTS = YES;
				CLANG_WARN_EMPTY_BODY = YES;
				CLANG_WARN_ENUM_CONVERSION = YES;
				CLANG_WARN_INFINITE_RECURSION = YES;
				CLANG_WARN_INT_CONVERSION = YES;
				CLANG_WARN_NON_LITERAL_NULL_CONVERSION = YES;
				CLANG_WARN_OBJC_LITERAL_CONVERSION = YES;
				CLANG_WARN_OBJC_ROOT_CLASS = YES_ERROR;
				CLANG_WARN_RANGE_LOOP_ANALYSIS = YES;
				CLANG_WARN_STRICT_PROTOTYPES = YES;
				CLANG_WARN_SUSPICIOUS_MOVE = YES;
				CLANG_WARN_UNGUARDED_AVAILABILITY = YES_AGGRESSIVE;
				CLANG_WARN_UNREACHABLE_CODE = YES;
				CLANG_WARN__DUPLICATE_METHOD_MATCH = YES;
				CODE_SIGN_IDENTITY = "iPhone Developer";
				COPY_PHASE_STRIP = NO;
				DEBUG_INFORMATION_FORMAT = "dwarf-with-dsym";
				ENABLE_NS_ASSERTIONS = NO;
				ENABLE_STRICT_OBJC_MSGSEND = YES;
				GCC_C_LANGUAGE_STANDARD = gnu11;
				GCC_NO_COMMON_BLOCKS = YES;
				GCC_WARN_64_TO_32_BIT_CONVERSION = YES;
				GCC_WARN_ABOUT_RETURN_TYPE = YES_ERROR;
				GCC_WARN_UNDECLARED_SELECTOR = YES;
				GCC_WARN_UNINITIALIZED_AUTOS = YES_AGGRESSIVE;
				GCC_WARN_UNUSED_FUNCTION = YES;
				GCC_WARN_UNUSED_VARIABLE = YES;
				IPHONEOS_DEPLOYMENT_TARGET = 11.0;
				MTL_ENABLE_DEBUG_INFO = NO;
				SDKROOT = iphoneos;
				VALIDATE_PRODUCT = YES;
			};
			name = Release;
		};
		B409042D1FA17CF4008CB3FC /* Debug */ = {
			isa = XCBuildConfiguration;
			buildSettings = {
				ASSETCATALOG_COMPILER_APPICON_NAME = AppIcon;
				CODE_SIGN_STYLE = Automatic;
				INFOPLIST_FILE = table1026/Info.plist;
				LD_RUNPATH_SEARCH_PATHS = "$(inherited) @executable_path/Frameworks";
				PRODUCT_BUNDLE_IDENTIFIER = wwy.com.table1026;
				PRODUCT_NAME = "$(TARGET_NAME)";
				TARGETED_DEVICE_FAMILY = "1,2";
			};
			name = Debug;
		};
		B409042E1FA17CF4008CB3FC /* Release */ = {
			isa = XCBuildConfiguration;
			buildSettings = {
				ASSETCATALOG_COMPILER_APPICON_NAME = AppIcon;
				CODE_SIGN_STYLE = Automatic;
				INFOPLIST_FILE = table1026/Info.plist;
				LD_RUNPATH_SEARCH_PATHS = "$(inherited) @executable_path/Frameworks";
				PRODUCT_BUNDLE_IDENTIFIER = wwy.com.table1026;
				PRODUCT_NAME = "$(TARGET_NAME)";
				TARGETED_DEVICE_FAMILY = "1,2";
			};
			name = Release;
		};
/* End XCBuildConfiguration section */

/* Begin XCConfigurationList section */
		B40904111FA17CF4008CB3FC /* Build configuration list for PBXProject "table1026" */ = {
			isa = XCConfigurationList;
			buildConfigurations = (
				B409042A1FA17CF4008CB3FC /* Debug */,
				B409042B1FA17CF4008CB3FC /* Release */,
			);
			defaultConfigurationIsVisible = 0;
			defaultConfigurationName = Release;
		};
		B409042C1FA17CF4008CB3FC /* Build configuration list for PBXNativeTarget "table1026" */ = {
			isa = XCConfigurationList;
			buildConfigurations = (
				B409042D1FA17CF4008CB3FC /* Debug */,
				B409042E1FA17CF4008CB3FC /* Release */,
			);
			defaultConfigurationIsVisible = 0;
			defaultConfigurationName = Release;
		};
/* End XCConfigurationList section */
	};
	rootObject = B409040E1FA17CF4008CB3FC /* Project object */;
}
